
Microsoft Visual Studio Solution File, Format Version 12.00
# Visual Studio Version 18
VisualStudioVersion = 18.0.11205.157 d18.0
MinimumVisualStudioVersion = 10.0.40219.1
Project("{FAE04EC0-301F-11D3-BF4B-00C04F79EFBC}") = "ResourcePinger", "ResourcePinger\ResourcePinger.csproj", "{4BDEFDB8-1770-464D-AA92-C306A153FC9F}"
EndProject
Project("{FAE04EC0-301F-11D3-BF4B-00C04F79EFBC}") = "Pinger.Util", "Pinger.Util\Pinger.Util.csproj", "{98DB9430-5F24-4ACB-83CD-F058780DC54F}"
EndProject
Global
	GlobalSection(SolutionConfigurationPlatforms) = preSolution
		Debug|Any CPU = Debug|Any CPU
		Release|Any CPU = Release|Any CPU
	EndGlobalSection
	GlobalSection(ProjectConfigurationPlatforms) = postSolution
		{4BDEFDB8-1770-464D-AA92-C306A153FC9F}.Debug|Any CPU.ActiveCfg = Debug|Any CPU
		{4BDEFDB8-1770-464D-AA92-C306A153FC9F}.Debug|Any CPU.Build.0 = Debug|Any CPU
		{4BDEFDB8-1770-464D-AA92-C306A153FC9F}.Release|Any CPU.ActiveCfg = Release|Any CPU
		{4BDEFDB8-1770-464D-AA92-C306A153FC9F}.Release|Any CPU.Build.0 = Release|Any CPU
		{98DB9430-5F24-4ACB-83CD-F058780DC54F}.Debug|Any CPU.ActiveCfg = Debug|Any CPU
		{98DB9430-5F24-4ACB-83CD-F058780DC54F}.Debug|Any CPU.Build.0 = Debug|Any CPU
		{98DB9430-5F24-4ACB-83CD-F058780DC54F}.Release|Any CPU.ActiveCfg = Release|Any CPU
		{98DB9430-5F24-4ACB-83CD-F058780DC54F}.Release|Any CPU.Build.0 = Release|Any CPU
	EndGlobalSection
	GlobalSection(SolutionProperties) = preSolution
		HideSolutionNode = FALSE
	EndGlobalSection
	GlobalSection(ExtensibilityGlobals) = postSolution
		SolutionGuid = {D494BA74-FAED-43F0-B719-CECF71B286E2}
	EndGlobalSection
EndGlobal
